{
  "requires": true,
  "lockfileVersion": 1,
  "dependencies": {
    "link": {
      "version": "1.5.1",
      "resolved": "https://registry.npmjs.org/link/-/link-1.5.1.tgz",
      "integrity": "sha512-80GBz0JfARAPedegdwtMHJ4tiPCQNqi9UZ0womJ5YU6Zw/Jc8JRji5cnhqkxGTTFAPLs1HftUDf81qUQg0aY0Q=="
    }
  }
}
